
Microsoft Visual Studio Solution File, Format Version 12.00
# Visual Studio Version 17
VisualStudioVersion = 17.7.34031.279
MinimumVisualStudioVersion = 10.0.40219.1
Project("{FAE04EC0-301F-11D3-BF4B-00C04F79EFBC}") = "DZ_c_dies_772", "DZ_c_dies_772\DZ_c_dies_772.csproj", "{BCD19DE9-68E8-4A09-B006-D9F5F33E2470}"
EndProject
Global
	GlobalSection(SolutionConfigurationPlatforms) = preSolution
		Debug|Any CPU = Debug|Any CPU
		Release|Any CPU = Release|Any CPU
	EndGlobalSection
	GlobalSection(ProjectConfigurationPlatforms) = postSolution
		{BCD19DE9-68E8-4A09-B006-D9F5F33E2470}.Debug|Any CPU.ActiveCfg = Debug|Any CPU
		{BCD19DE9-68E8-4A09-B006-D9F5F33E2470}.Debug|Any CPU.Build.0 = Debug|Any CPU
		{BCD19DE9-68E8-4A09-B006-D9F5F33E2470}.Release|Any CPU.ActiveCfg = Release|Any CPU
		{BCD19DE9-68E8-4A09-B006-D9F5F33E2470}.Release|Any CPU.Build.0 = Release|Any CPU
	EndGlobalSection
	GlobalSection(SolutionProperties) = preSolution
		HideSolutionNode = FALSE
	EndGlobalSection
	GlobalSection(ExtensibilityGlobals) = postSolution
		SolutionGuid = {A9496570-FD8F-4769-9FD9-03D0C2473841}
	EndGlobalSection
EndGlobal
